// !$*UTF8*$!
{
	archiveVersion = 1;
	classes = {
	};
	objectVersion = 77;
	objects = {

/* Begin PBXContainerItemProxy section */
		A2F879912D5CD583009A0416 /* PBXContainerItemProxy */ = {
			isa = PBXContainerItemProxy;
			containerPortal = A2F879782D5CD582009A0416 /* Project object */;
			proxyType = 1;
			remoteGlobalIDString = A2F8797F2D5CD582009A0416;
			remoteInfo = khoahuynh_lab1;
		};
		A2F8799B2D5CD583009A0416 /* PBXContainerItemProxy */ = {
			isa = PBXContainerItemProxy;
			containerPortal = A2F879782D5CD582009A0416 /* Project object */;
			proxyType = 1;
			remoteGlobalIDString = A2F8797F2D5CD582009A0416;
			remoteInfo = khoahuynh_lab1;
		};
/* End PBXContainerItemProxy section */

/* Begin PBXFileReference section */
		A2F879802D5CD582009A0416 /* khoahuynh_lab1.app */ = {isa = PBXFileReference; explicitFileType = wrapper.application; includeInIndex = 0; path = khoahuynh_lab1.app; sourceTree = BUILT_PRODUCTS_DIR; };
		A2F879902D5CD583009A0416 /* khoahuynh_lab1Tests.xctest */ = {isa = PBXFileReference; explicitFileType = wrapper.cfbundle; includeInIndex = 0; path = khoahuynh_lab1Tests.xctest; sourceTree = BUILT_PRODUCTS_DIR; };
		A2F8799A2D5CD583009A0416 /* khoahuynh_lab1UITests.xctest */ = {isa = PBXFileReference; explicitFileType = wrapper.cfbundle; includeInIndex = 0; path = khoahuynh_lab1UITests.xctest; sourceTree = BUILT_PRODUCTS_DIR; };
/* End PBXFileReference section */

/* Begin PBXFileSystemSynchronizedRootGroup section */
		A2F879822D5CD582009A0416 /* khoahuynh_lab1 */ = {
			isa = PBXFileSystemSynchronizedRootGroup;
			path = khoahuynh_lab1;
			sourceTree = "<group>";
		};
		A2F879932D5CD583009A0416 /* khoahuynh_lab1Tests */ = {
			isa = PBXFileSystemSynchronizedRootGroup;
			path = khoahuynh_lab1Tests;
			sourceTree = "<group>";
		};
		A2F8799D2D5CD583009A0416 /* khoahuynh_lab1UITests */ = {
			isa = PBXFileSystemSynchronizedRootGroup;
			path = khoahuynh_lab1UITests;
			sourceTree = "<group>";
		};
/* End PBXFileSystemSynchronizedRootGroup section */

/* Begin PBXFrameworksBuildPhase section */
		A2F8797D2D5CD582009A0416 /* Frameworks */ = {
			isa = PBXFrameworksBuildPhase;
			buildActionMask = 2147483647;
			files = (
			);
			runOnlyForDeploymentPostprocessing = 0;
		};
		A2F8798D2D5CD583009A0416 /* Frameworks */ = {
			isa = PBXFrameworksBuildPhase;
			buildActionMask = 2147483647;
			files = (
			);
			runOnlyForDeploymentPostprocessing = 0;
		};
		A2F879972D5CD583009A0416 /* Frameworks */ = {
			isa = PBXFrameworksBuildPhase;
			buildActionMask = 2147483647;
			files = (
			);
			runOnlyForDeploymentPostprocessing = 0;
		};
/* End PBXFrameworksBuildPhase section */

/* Begin PBXGroup section */
		A2F879772D5CD582009A0416 = {
			isa = PBXGroup;
			children = (
				A2F879822D5CD582009A0416 /* khoahuynh_lab1 */,
				A2F879932D5CD583009A0416 /* khoahuynh_lab1Tests */,
				A2F8799D2D5CD583009A0416 /* khoahuynh_lab1UITests */,
				A2F879812D5CD582009A0416 /* Products */,
			);
			sourceTree = "<group>";
		};
		A2F879812D5CD582009A0416 /* Products */ = {
			isa = PBXGroup;
			children = (
				A2F879802D5CD582009A0416 /* khoahuynh_lab1.app */,
				A2F879902D5CD583009A0416 /* khoahuynh_lab1Tests.xctest */,
				A2F8799A2D5CD583009A0416 /* khoahuynh_lab1UITests.xctest */,
			);
			name = Products;
			sourceTree = "<group>";
		};
/* End PBXGroup section */

/* Begin PBXNativeTarget section */
		A2F8797F2D5CD582009A0416 /* khoahuynh_lab1 */ = {
			isa = PBXNativeTarget;
			buildConfigurationList = A2F879A42D5CD583009A0416 /* Build configuration list for PBXNativeTarget "khoahuynh_lab1" */;
			buildPhases = (
				A2F8797C2D5CD582009A0416 /* Sources */,
				A2F8797D2D5CD582009A0416 /* Frameworks */,
				A2F8797E2D5CD582009A0416 /* Resources */,
			);
			buildRules = (
			);
			dependencies = (
			);
			fileSystemSynchronizedGroups = (
				A2F879822D5CD582009A0416 /* khoahuynh_lab1 */,
			);
			name = khoahuynh_lab1;
			packageProductDependencies = (
			);
			productName = khoahuynh_lab1;
			productReference = A2F879802D5CD582009A0416 /* khoahuynh_lab1.app */;
			productType = "com.apple.product-type.application";
		};
		A2F8798F2D5CD583009A0416 /* khoahuynh_lab1Tests */ = {
			isa = PBXNativeTarget;
			buildConfigurationList = A2F879A72D5CD583009A0416 /* Build configuration list for PBXNativeTarget "khoahuynh_lab1Tests" */;
			buildPhases = (
				A2F8798C2D5CD583009A0416 /* Sources */,
				A2F8798D2D5CD583009A0416 /* Frameworks */,
				A2F8798E2D5CD583009A0416 /* Resources */,
			);
			buildRules = (
			);
			dependencies = (
				A2F879922D5CD583009A0416 /* PBXTargetDependency */,
			);
			fileSystemSynchronizedGroups = (
				A2F879932D5CD583009A0416 /* khoahuynh_lab1Tests */,
			);
			name = khoahuynh_lab1Tests;
			packageProductDependencies = (
			);
			productName = khoahuynh_lab1Tests;
			productReference = A2F879902D5CD583009A0416 /* khoahuynh_lab1Tests.xctest */;
			productType = "com.apple.product-type.bundle.unit-test";
		};
		A2F879992D5CD583009A0416 /* khoahuynh_lab1UITests */ = {
			isa = PBXNativeTarget;
			buildConfigurationList = A2F879AA2D5CD583009A0416 /* Build configuration list for PBXNativeTarget "khoahuynh_lab1UITests" */;
			buildPhases = (
				A2F879962D5CD583009A0416 /* Sources */,
				A2F879972D5CD583009A0416 /* Frameworks */,
				A2F879982D5CD583009A0416 /* Resources */,
			);
			buildRules = (
			);
			dependencies = (
				A2F8799C2D5CD583009A0416 /* PBXTargetDependency */,
			);
			fileSystemSynchronizedGroups = (
				A2F8799D2D5CD583009A0416 /* khoahuynh_lab1UITests */,
			);
			name = khoahuynh_lab1UITests;
			packageProductDependencies = (
			);
			productName = khoahuynh_lab1UITests;
			productReference = A2F8799A2D5CD583009A0416 /* khoahuynh_lab1UITests.xctest */;
			productType = "com.apple.product-type.bundle.ui-testing";
		};
/* End PBXNativeTarget section */

/* Begin PBXProject section */
		A2F879782D5CD582009A0416 /* Project object */ = {
			isa = PBXProject;
			attributes = {
				BuildIndependentTargetsInParallel = 1;
				LastSwiftUpdateCheck = 1620;
				LastUpgradeCheck = 1620;
				TargetAttributes = {
					A2F8797F2D5CD582009A0416 = {
						CreatedOnToolsVersion = 16.2;
					};
					A2F8798F2D5CD583009A0416 = {
						CreatedOnToolsVersion = 16.2;
						TestTargetID = A2F8797F2D5CD582009A0416;
					};
					A2F879992D5CD583009A0416 = {
						CreatedOnToolsVersion = 16.2;
						TestTargetID = A2F8797F2D5CD582009A0416;
					};
				};
			};
			buildConfigurationList = A2F8797B2D5CD582009A0416 /* Build configuration list for PBXProject "khoahuynh_lab1" */;
			developmentRegion = en;
			hasScannedForEncodings = 0;
			knownRegions = (
				en,
				Base,
			);
			mainGroup = A2F879772D5CD582009A0416;
			minimizedProjectReferenceProxies = 1;
			preferredProjectObjectVersion = 77;
			productRefGroup = A2F879812D5CD582009A0416 /* Products */;
			projectDirPath = "";
			projectRoot = "";
			targets = (
				A2F8797F2D5CD582009A0416 /* khoahuynh_lab1 */,
				A2F8798F2D5CD583009A0416 /* khoahuynh_lab1Tests */,
				A2F879992D5CD583009A0416 /* khoahuynh_lab1UITests */,
			);
		};
/* End PBXProject section */

/* Begin PBXResourcesBuildPhase section */
		A2F8797E2D5CD582009A0416 /* Resources */ = {
			isa = PBXResourcesBuildPhase;
			buildActionMask = 2147483647;
			files = (
			);
			runOnlyForDeploymentPostprocessing = 0;
		};
		A2F8798E2D5CD583009A0416 /* Resources */ = {
			isa = PBXResourcesBuildPhase;
			buildActionMask = 2147483647;
			files = (
			);
			runOnlyForDeploymentPostprocessing = 0;
		};
		A2F879982D5CD583009A0416 /* Resources */ = {
			isa = PBXResourcesBuildPhase;
			buildActionMask = 2147483647;
			files = (
			);
			runOnlyForDeploymentPostprocessing = 0;
		};
/* End PBXResourcesBuildPhase section */

/* Begin PBXSourcesBuildPhase section */
		A2F8797C2D5CD582009A0416 /* Sources */ = {
			isa = PBXSourcesBuildPhase;
			buildActionMask = 2147483647;
			files = (
			);
			runOnlyForDeploymentPostprocessing = 0;
		};
		A2F8798C2D5CD583009A0416 /* Sources */ = {
			isa = PBXSourcesBuildPhase;
			buildActionMask = 2147483647;
			files = (
			);
			runOnlyForDeploymentPostprocessing = 0;
		};
		A2F879962D5CD583009A0416 /* Sources */ = {
			isa = PBXSourcesBuildPhase;
			buildActionMask = 2147483647;
			files = (
			);
			runOnlyForDeploymentPostprocessing = 0;
		};
/* End PBXSourcesBuildPhase section */

/* Begin PBXTargetDependency section */
		A2F879922D5CD583009A0416 /* PBXTargetDependency */ = {
			isa = PBXTargetDependency;
			target = A2F8797F2D5CD582009A0416 /* khoahuynh_lab1 */;
			targetProxy = A2F879912D5CD583009A0416 /* PBXContainerItemProxy */;
		};
		A2F8799C2D5CD583009A0416 /* PBXTargetDependency */ = {
			isa = PBXTargetDependency;
			target = A2F8797F2D5CD582009A0416 /* khoahuynh_lab1 */;
			targetProxy = A2F8799B2D5CD583009A0416 /* PBXContainerItemProxy */;
		};
/* End PBXTargetDependency section */

/* Begin XCBuildConfiguration section */
		A2F879A22D5CD583009A0416 /* Debug */ = {
			isa = XCBuildConfiguration;
			buildSettings = {
				ALWAYS_SEARCH_USER_PATHS = NO;
				ASSETCATALOG_COMPILER_GENERATE_SWIFT_ASSET_SYMBOL_EXTENSIONS = YES;
				CLANG_ANALYZER_NONNULL = YES;
				CLANG_ANALYZER_NUMBER_OBJECT_CONVERSION = YES_AGGRESSIVE;
				CLANG_CXX_LANGUAGE_STANDARD = "gnu++20";
				CLANG_ENABLE_MODULES = YES;
				CLANG_ENABLE_OBJC_ARC = YES;
				CLANG_ENABLE_OBJC_WEAK = YES;
				CLANG_WARN_BLOCK_CAPTURE_AUTORELEASING = YES;
				CLANG_WARN_BOOL_CONVERSION = YES;
				CLANG_WARN_COMMA = YES;
				CLANG_WARN_CONSTANT_CONVERSION = YES;
				CLANG_WARN_DEPRECATED_OBJC_IMPLEMENTATIONS = YES;
				CLANG_WARN_DIRECT_OBJC_ISA_USAGE = YES_ERROR;
				CLANG_WARN_DOCUMENTATION_COMMENTS = YES;
				CLANG_WARN_EMPTY_BODY = YES;
				CLANG_WARN_ENUM_CONVERSION = YES;
				CLANG_WARN_INFINITE_RECURSION = YES;
				CLANG_WARN_INT_CONVERSION = YES;
				CLANG_WARN_NON_LITERAL_NULL_CONVERSION = YES;
				CLANG_WARN_OBJC_IMPLICIT_RETAIN_SELF = YES;
				CLANG_WARN_OBJC_LITERAL_CONVERSION = YES;
				CLANG_WARN_OBJC_ROOT_CLASS = YES_ERROR;
				CLANG_WARN_QUOTED_INCLUDE_IN_FRAMEWORK_HEADER = YES;
				CLANG_WARN_RANGE_LOOP_ANALYSIS = YES;
				CLANG_WARN_STRICT_PROTOTYPES = YES;
				CLANG_WARN_SUSPICIOUS_MOVE = YES;
				CLANG_WARN_UNGUARDED_AVAILABILITY = YES_AGGRESSIVE;
				CLANG_WARN_UNREACHABLE_CODE = YES;
				CLANG_WARN__DUPLICATE_METHOD_MATCH = YES;
				COPY_PHASE_STRIP = NO;
				DEBUG_INFORMATION_FORMAT = dwarf;
				ENABLE_STRICT_OBJC_MSGSEND = YES;
				ENABLE_TESTABILITY = YES;
				ENABLE_USER_SCRIPT_SANDBOXING = YES;
				GCC_C_LANGUAGE_STANDARD = gnu17;
				GCC_DYNAMIC_NO_PIC = NO;
				GCC_NO_COMMON_BLOCKS = YES;
				GCC_OPTIMIZATION_LEVEL = 0;
				GCC_PREPROCESSOR_DEFINITIONS = (
					"DEBUG=1",
					"$(inherited)",
				);
				GCC_WARN_64_TO_32_BIT_CONVERSION = YES;
				GCC_WARN_ABOUT_RETURN_TYPE = YES_ERROR;
				GCC_WARN_UNDECLARED_SELECTOR = YES;
				GCC_WARN_UNINITIALIZED_AUTOS = YES_AGGRESSIVE;
				GCC_WARN_UNUSED_FUNCTION = YES;
				GCC_WARN_UNUSED_VARIABLE = YES;
				IPHONEOS_DEPLOYMENT_TARGET = 18.2;
				LOCALIZATION_PREFERS_STRING_CATALOGS = YES;
				MTL_ENABLE_DEBUG_INFO = INCLUDE_SOURCE;
				MTL_FAST_MATH = YES;
				ONLY_ACTIVE_ARCH = YES;
				SDKROOT = iphoneos;
				SWIFT_ACTIVE_COMPILATION_CONDITIONS = "DEBUG $(inherited)";
				SWIFT_OPTIMIZATION_LEVEL = "-Onone";
			};
			name = Debug;
		};
		A2F879A32D5CD583009A0416 /* Release */ = {
			isa = XCBuildConfiguration;
			buildSettings = {
				ALWAYS_SEARCH_USER_PATHS = NO;
				ASSETCATALOG_COMPILER_GENERATE_SWIFT_ASSET_SYMBOL_EXTENSIONS = YES;
				CLANG_ANALYZER_NONNULL = YES;
				CLANG_ANALYZER_NUMBER_OBJECT_CONVERSION = YES_AGGRESSIVE;
				CLANG_CXX_LANGUAGE_STANDARD = "gnu++20";
				CLANG_ENABLE_MODULES = YES;
				CLANG_ENABLE_OBJC_ARC = YES;
				CLANG_ENABLE_OBJC_WEAK = YES;
				CLANG_WARN_BLOCK_CAPTURE_AUTORELEASING = YES;
				CLANG_WARN_BOOL_CONVERSION = YES;
				CLANG_WARN_COMMA = YES;
				CLANG_WARN_CONSTANT_CONVERSION = YES;
				CLANG_WARN_DEPRECATED_OBJC_IMPLEMENTATIONS = YES;
				CLANG_WARN_DIRECT_OBJC_ISA_USAGE = YES_ERROR;
				CLANG_WARN_DOCUMENTATION_COMMENTS = YES;
				CLANG_WARN_EMPTY_BODY = YES;
				CLANG_WARN_ENUM_CONVERSION = YES;
				CLANG_WARN_INFINITE_RECURSION = YES;
				CLANG_WARN_INT_CONVERSION = YES;
				CLANG_WARN_NON_LITERAL_NULL_CONVERSION = YES;
				CLANG_WARN_OBJC_IMPLICIT_RETAIN_SELF = YES;
				CLANG_WARN_OBJC_LITERAL_CONVERSION = YES;
				CLANG_WARN_OBJC_ROOT_CLASS = YES_ERROR;
				CLANG_WARN_QUOTED_INCLUDE_IN_FRAMEWORK_HEADER = YES;
				CLANG_WARN_RANGE_LOOP_ANALYSIS = YES;
				CLANG_WARN_STRICT_PROTOTYPES = YES;
				CLANG_WARN_SUSPICIOUS_MOVE = YES;
				CLANG_WARN_UNGUARDED_AVAILABILITY = YES_AGGRESSIVE;
				CLANG_WARN_UNREACHABLE_CODE = YES;
				CLANG_WARN__DUPLICATE_METHOD_MATCH = YES;
				COPY_PHASE_STRIP = NO;
				DEBUG_INFORMATION_FORMAT = "dwarf-with-dsym";
				ENABLE_NS_ASSERTIONS = NO;
				ENABLE_STRICT_OBJC_MSGSEND = YES;
				ENABLE_USER_SCRIPT_SANDBOXING = YES;
				GCC_C_LANGUAGE_STANDARD = gnu17;
				GCC_NO_COMMON_BLOCKS = YES;
				GCC_WARN_64_TO_32_BIT_CONVERSION = YES;
				GCC_WARN_ABOUT_RETURN_TYPE = YES_ERROR;
				GCC_WARN_UNDECLARED_SELECTOR = YES;
				GCC_WARN_UNINITIALIZED_AUTOS = YES_AGGRESSIVE;
				GCC_WARN_UNUSED_FUNCTION = YES;
				GCC_WARN_UNUSED_VARIABLE = YES;
				IPHONEOS_DEPLOYMENT_TARGET = 18.2;
				LOCALIZATION_PREFERS_STRING_CATALOGS = YES;
				MTL_ENABLE_DEBUG_INFO = NO;
				MTL_FAST_MATH = YES;
				SDKROOT = iphoneos;
				SWIFT_COMPILATION_MODE = wholemodule;
				VALIDATE_PRODUCT = YES;
			};
			name = Release;
		};
		A2F879A52D5CD583009A0416 /* Debug */ = {
			isa = XCBuildConfiguration;
			buildSettings = {
				ASSETCATALOG_COMPILER_APPICON_NAME = AppIcon;
				ASSETCATALOG_COMPILER_GLOBAL_ACCENT_COLOR_NAME = AccentColor;
				CODE_SIGN_STYLE = Automatic;
				CURRENT_PROJECT_VERSION = 1;
				DEVELOPMENT_ASSET_PATHS = "\"khoahuynh_lab1/Preview Content\"";
				ENABLE_PREVIEWS = YES;
				GENERATE_INFOPLIST_FILE = YES;
				INFOPLIST_KEY_UIApplicationSceneManifest_Generation = YES;
				INFOPLIST_KEY_UIApplicationSupportsIndirectInputEvents = YES;
				INFOPLIST_KEY_UILaunchScreen_Generation = YES;
				INFOPLIST_KEY_UISupportedInterfaceOrientations_iPad = "UIInterfaceOrientationPortrait UIInterfaceOrientationPortraitUpsideDown UIInterfaceOrientationLandscapeLeft UIInterfaceOrientationLandscapeRight";
				INFOPLIST_KEY_UISupportedInterfaceOrientations_iPhone = "UIInterfaceOrientationPortrait UIInterfaceOrientationLandscapeLeft UIInterfaceOrientationLandscapeRight";
				LD_RUNPATH_SEARCH_PATHS = (
					"$(inherited)",
					"@executable_path/Frameworks",
				);
				MARKETING_VERSION = 1.0;
				PRODUCT_BUNDLE_IDENTIFIER = "gbc.khoahuynh-lab1";
				PRODUCT_NAME = "$(TARGET_NAME)";
				SWIFT_EMIT_LOC_STRINGS = YES;
				SWIFT_VERSION = 5.0;
				TARGETED_DEVICE_FAMILY = "1,2";
			};
			name = Debug;
		};
		A2F879A62D5CD583009A0416 /* Release */ = {
			isa = XCBuildConfiguration;
			buildSettings = {
				ASSETCATALOG_COMPILER_APPICON_NAME = AppIcon;
				ASSETCATALOG_COMPILER_GLOBAL_ACCENT_COLOR_NAME = AccentColor;
				CODE_SIGN_STYLE = Automatic;
				CURRENT_PROJECT_VERSION = 1;
				DEVELOPMENT_ASSET_PATHS = "\"khoahuynh_lab1/Preview Content\"";
				ENABLE_PREVIEWS = YES;
				GENERATE_INFOPLIST_FILE = YES;
				INFOPLIST_KEY_UIApplicationSceneManifest_Generation = YES;
				INFOPLIST_KEY_UIApplicationSupportsIndirectInputEvents = YES;
				INFOPLIST_KEY_UILaunchScreen_Generation = YES;
				INFOPLIST_KEY_UISupportedInterfaceOrientations_iPad = "UIInterfaceOrientationPortrait UIInterfaceOrientationPortraitUpsideDown UIInterfaceOrientationLandscapeLeft UIInterfaceOrientationLandscapeRight";
				INFOPLIST_KEY_UISupportedInterfaceOrientations_iPhone = "UIInterfaceOrientationPortrait UIInterfaceOrientationLandscapeLeft UIInterfaceOrientationLandscapeRight";
				LD_RUNPATH_SEARCH_PATHS = (
					"$(inherited)",
					"@executable_path/Frameworks",
				);
				MARKETING_VERSION = 1.0;
				PRODUCT_BUNDLE_IDENTIFIER = "gbc.khoahuynh-lab1";
				PRODUCT_NAME = "$(TARGET_NAME)";
				SWIFT_EMIT_LOC_STRINGS = YES;
				SWIFT_VERSION = 5.0;
				TARGETED_DEVICE_FAMILY = "1,2";
			};
			name = Release;
		};
		A2F879A82D5CD583009A0416 /* Debug */ = {
			isa = XCBuildConfiguration;
			buildSettings = {
				BUNDLE_LOADER = "$(TEST_HOST)";
				CODE_SIGN_STYLE = Automatic;
				CURRENT_PROJECT_VERSION = 1;
				GENERATE_INFOPLIST_FILE = YES;
				IPHONEOS_DEPLOYMENT_TARGET = 18.2;
				MARKETING_VERSION = 1.0;
				PRODUCT_BUNDLE_IDENTIFIER = "gbc.khoahuynh-lab1Tests";
				PRODUCT_NAME = "$(TARGET_NAME)";
				SWIFT_EMIT_LOC_STRINGS = NO;
				SWIFT_VERSION = 5.0;
				TARGETED_DEVICE_FAMILY = "1,2";
				TEST_HOST = "$(BUILT_PRODUCTS_DIR)/khoahuynh_lab1.app/$(BUNDLE_EXECUTABLE_FOLDER_PATH)/khoahuynh_lab1";
			};
			name = Debug;
		};
		A2F879A92D5CD583009A0416 /* Release */ = {
			isa = XCBuildConfiguration;
			buildSettings = {
				BUNDLE_LOADER = "$(TEST_HOST)";
				CODE_SIGN_STYLE = Automatic;
				CURRENT_PROJECT_VERSION = 1;
				GENERATE_INFOPLIST_FILE = YES;
				IPHONEOS_DEPLOYMENT_TARGET = 18.2;
				MARKETING_VERSION = 1.0;
				PRODUCT_BUNDLE_IDENTIFIER = "gbc.khoahuynh-lab1Tests";
				PRODUCT_NAME = "$(TARGET_NAME)";
				SWIFT_EMIT_LOC_STRINGS = NO;
				SWIFT_VERSION = 5.0;
				TARGETED_DEVICE_FAMILY = "1,2";
				TEST_HOST = "$(BUILT_PRODUCTS_DIR)/khoahuynh_lab1.app/$(BUNDLE_EXECUTABLE_FOLDER_PATH)/khoahuynh_lab1";
			};
			name = Release;
		};
		A2F879AB2D5CD583009A0416 /* Debug */ = {
			isa = XCBuildConfiguration;
			buildSettings = {
				CODE_SIGN_STYLE = Automatic;
				CURRENT_PROJECT_VERSION = 1;
				GENERATE_INFOPLIST_FILE = YES;
				MARKETING_VERSION = 1.0;
				PRODUCT_BUNDLE_IDENTIFIER = "gbc.khoahuynh-lab1UITests";
				PRODUCT_NAME = "$(TARGET_NAME)";
				SWIFT_EMIT_LOC_STRINGS = NO;
				SWIFT_VERSION = 5.0;
				TARGETED_DEVICE_FAMILY = "1,2";
				TEST_TARGET_NAME = khoahuynh_lab1;
			};
			name = Debug;
		};
		A2F879AC2D5CD583009A0416 /* Release */ = {
			isa = XCBuildConfiguration;
			buildSettings = {
				CODE_SIGN_STYLE = Automatic;
				CURRENT_PROJECT_VERSION = 1;
				GENERATE_INFOPLIST_FILE = YES;
				MARKETING_VERSION = 1.0;
				PRODUCT_BUNDLE_IDENTIFIER = "gbc.khoahuynh-lab1UITests";
				PRODUCT_NAME = "$(TARGET_NAME)";
				SWIFT_EMIT_LOC_STRINGS = NO;
				SWIFT_VERSION = 5.0;
				TARGETED_DEVICE_FAMILY = "1,2";
				TEST_TARGET_NAME = khoahuynh_lab1;
			};
			name = Release;
		};
/* End XCBuildConfiguration section */

/* Begin XCConfigurationList section */
		A2F8797B2D5CD582009A0416 /* Build configuration list for PBXProject "khoahuynh_lab1" */ = {
			isa = XCConfigurationList;
			buildConfigurations = (
				A2F879A22D5CD583009A0416 /* Debug */,
				A2F879A32D5CD583009A0416 /* Release */,
			);
			defaultConfigurationIsVisible = 0;
			defaultConfigurationName = Release;
		};
		A2F879A42D5CD583009A0416 /* Build configuration list for PBXNativeTarget "khoahuynh_lab1" */ = {
			isa = XCConfigurationList;
			buildConfigurations = (
				A2F879A52D5CD583009A0416 /* Debug */,
				A2F879A62D5CD583009A0416 /* Release */,
			);
			defaultConfigurationIsVisible = 0;
			defaultConfigurationName = Release;
		};
		A2F879A72D5CD583009A0416 /* Build configuration list for PBXNativeTarget "khoahuynh_lab1Tests" */ = {
			isa = XCConfigurationList;
			buildConfigurations = (
				A2F879A82D5CD583009A0416 /* Debug */,
				A2F879A92D5CD583009A0416 /* Release */,
			);
			defaultConfigurationIsVisible = 0;
			defaultConfigurationName = Release;
		};
		A2F879AA2D5CD583009A0416 /* Build configuration list for PBXNativeTarget "khoahuynh_lab1UITests" */ = {
			isa = XCConfigurationList;
			buildConfigurations = (
				A2F879AB2D5CD583009A0416 /* Debug */,
				A2F879AC2D5CD583009A0416 /* Release */,
			);
			defaultConfigurationIsVisible = 0;
			defaultConfigurationName = Release;
		};
/* End XCConfigurationList section */
	};
	rootObject = A2F879782D5CD582009A0416 /* Project object */;
}
